
Microsoft Visual Studio Solution File, Format Version 12.00
# Visual Studio Version 17
VisualStudioVersion = 17.3.32929.385
MinimumVisualStudioVersion = 10.0.40219.1
Project("{9A19103F-16F7-4668-BE54-9A1E7A4F7556}") = "WebAppForSignIn", "WebAppForSignIn\WebAppForSignIn.csproj", "{A3453A00-245B-4CC9-A0A9-E2EA1C3A326D}"
EndProject
Global
	GlobalSection(SolutionConfigurationPlatforms) = preSolution
		Debug|Any CPU = Debug|Any CPU
		Release|Any CPU = Release|Any CPU
	EndGlobalSection
	GlobalSection(ProjectConfigurationPlatforms) = postSolution
		{A3453A00-245B-4CC9-A0A9-E2EA1C3A326D}.Debug|Any CPU.ActiveCfg = Debug|Any CPU
		{A3453A00-245B-4CC9-A0A9-E2EA1C3A326D}.Debug|Any CPU.Build.0 = Debug|Any CPU
		{A3453A00-245B-4CC9-A0A9-E2EA1C3A326D}.Release|Any CPU.ActiveCfg = Release|Any CPU
		{A3453A00-245B-4CC9-A0A9-E2EA1C3A326D}.Release|Any CPU.Build.0 = Release|Any CPU
	EndGlobalSection
	GlobalSection(SolutionProperties) = preSolution
		HideSolutionNode = FALSE
	EndGlobalSection
	GlobalSection(ExtensibilityGlobals) = postSolution
		SolutionGuid = {8D155862-5DF4-469C-9316-CB3A3669AFEA}
	EndGlobalSection
EndGlobal
